
Microsoft Visual Studio Solution File, Format Version 12.00
# Visual Studio Version 17
VisualStudioVersion = 17.10.35122.118
MinimumVisualStudioVersion = 10.0.40219.1
Project("{FAE04EC0-301F-11D3-BF4B-00C04F79EFBC}") = "Module8Work4", "Module8Work4\Module8Work4.csproj", "{8CCAE5B0-3583-4808-B70A-6E5E2733C7AD}"
EndProject
Global
	GlobalSection(SolutionConfigurationPlatforms) = preSolution
		Debug|Any CPU = Debug|Any CPU
		Release|Any CPU = Release|Any CPU
	EndGlobalSection
	GlobalSection(ProjectConfigurationPlatforms) = postSolution
		{8CCAE5B0-3583-4808-B70A-6E5E2733C7AD}.Debug|Any CPU.ActiveCfg = Debug|Any CPU
		{8CCAE5B0-3583-4808-B70A-6E5E2733C7AD}.Debug|Any CPU.Build.0 = Debug|Any CPU
		{8CCAE5B0-3583-4808-B70A-6E5E2733C7AD}.Release|Any CPU.ActiveCfg = Release|Any CPU
		{8CCAE5B0-3583-4808-B70A-6E5E2733C7AD}.Release|Any CPU.Build.0 = Release|Any CPU
	EndGlobalSection
	GlobalSection(SolutionProperties) = preSolution
		HideSolutionNode = FALSE
	EndGlobalSection
	GlobalSection(ExtensibilityGlobals) = postSolution
		SolutionGuid = {FF57DD86-846E-4382-A0B6-B79646C4B1E5}
	EndGlobalSection
EndGlobal
